// !$*UTF8*$!
{
	archiveVersion = 1;
	classes = {
	};
	objectVersion = 50;
	objects = {

/* Begin PBXBuildFile section */
		741A88C7606F024D7E2A1A85 /* Pods_ToDo_List_App.framework in Frameworks */ = {isa = PBXBuildFile; fileRef = F826BA651677FD6C6A119CA6 /* Pods_ToDo_List_App.framework */; };
		DCA225A521E8BCBB00B4B09C /* AppDelegate.swift in Sources */ = {isa = PBXBuildFile; fileRef = DCA225A421E8BCBB00B4B09C /* AppDelegate.swift */; };
		DCA225A721E8BCBB00B4B09C /* ToDoListViewController.swift in Sources */ = {isa = PBXBuildFile; fileRef = DCA225A621E8BCBB00B4B09C /* ToDoListViewController.swift */; };
		DCA225AA21E8BCBB00B4B09C /* Main.storyboard in Resources */ = {isa = PBXBuildFile; fileRef = DCA225A821E8BCBB00B4B09C /* Main.storyboard */; };
		DCA225AC21E8BCBC00B4B09C /* Assets.xcassets in Resources */ = {isa = PBXBuildFile; fileRef = DCA225AB21E8BCBC00B4B09C /* Assets.xcassets */; };
		DCA225AF21E8BCBC00B4B09C /* LaunchScreen.storyboard in Resources */ = {isa = PBXBuildFile; fileRef = DCA225AD21E8BCBC00B4B09C /* LaunchScreen.storyboard */; };
		DCA225C221EB890500B4B09C /* CategoryViewController.swift in Sources */ = {isa = PBXBuildFile; fileRef = DCA225C121EB890500B4B09C /* CategoryViewController.swift */; };
		DCE140D821EBC10200AF551C /* Item.swift in Sources */ = {isa = PBXBuildFile; fileRef = DCE140D721EBC10200AF551C /* Item.swift */; };
		DCE140DA21EBC10C00AF551C /* Category.swift in Sources */ = {isa = PBXBuildFile; fileRef = DCE140D921EBC10C00AF551C /* Category.swift */; };
/* End PBXBuildFile section */

/* Begin PBXFileReference section */
		28FE360125A5D11B89D963C0 /* Pods-ToDo List App.release.xcconfig */ = {isa = PBXFileReference; includeInIndex = 1; lastKnownFileType = text.xcconfig; name = "Pods-ToDo List App.release.xcconfig"; path = "Pods/Target Support Files/Pods-ToDo List App/Pods-ToDo List App.release.xcconfig"; sourceTree = "<group>"; };
		9B156F96A55696A544DDEDCE /* Pods-ToDo List App.debug.xcconfig */ = {isa = PBXFileReference; includeInIndex = 1; lastKnownFileType = text.xcconfig; name = "Pods-ToDo List App.debug.xcconfig"; path = "Pods/Target Support Files/Pods-ToDo List App/Pods-ToDo List App.debug.xcconfig"; sourceTree = "<group>"; };
		DCA225A121E8BCBB00B4B09C /* ToDo List App.app */ = {isa = PBXFileReference; explicitFileType = wrapper.application; includeInIndex = 0; path = "ToDo List App.app"; sourceTree = BUILT_PRODUCTS_DIR; };
		DCA225A421E8BCBB00B4B09C /* AppDelegate.swift */ = {isa = PBXFileReference; lastKnownFileType = sourcecode.swift; path = AppDelegate.swift; sourceTree = "<group>"; };
		DCA225A621E8BCBB00B4B09C /* ToDoListViewController.swift */ = {isa = PBXFileReference; lastKnownFileType = sourcecode.swift; path = ToDoListViewController.swift; sourceTree = "<group>"; };
		DCA225A921E8BCBB00B4B09C /* Base */ = {isa = PBXFileReference; lastKnownFileType = file.storyboard; name = Base; path = Base.lproj/Main.storyboard; sourceTree = "<group>"; };
		DCA225AB21E8BCBC00B4B09C /* Assets.xcassets */ = {isa = PBXFileReference; lastKnownFileType = folder.assetcatalog; path = Assets.xcassets; sourceTree = "<group>"; };
		DCA225AE21E8BCBC00B4B09C /* Base */ = {isa = PBXFileReference; lastKnownFileType = file.storyboard; name = Base; path = Base.lproj/LaunchScreen.storyboard; sourceTree = "<group>"; };
		DCA225B021E8BCBC00B4B09C /* Info.plist */ = {isa = PBXFileReference; lastKnownFileType = text.plist.xml; path = Info.plist; sourceTree = "<group>"; };
		DCA225C121EB890500B4B09C /* CategoryViewController.swift */ = {isa = PBXFileReference; lastKnownFileType = sourcecode.swift; path = CategoryViewController.swift; sourceTree = "<group>"; };
		DCE140D721EBC10200AF551C /* Item.swift */ = {isa = PBXFileReference; lastKnownFileType = sourcecode.swift; path = Item.swift; sourceTree = "<group>"; };
		DCE140D921EBC10C00AF551C /* Category.swift */ = {isa = PBXFileReference; lastKnownFileType = sourcecode.swift; path = Category.swift; sourceTree = "<group>"; };
		F826BA651677FD6C6A119CA6 /* Pods_ToDo_List_App.framework */ = {isa = PBXFileReference; explicitFileType = wrapper.framework; includeInIndex = 0; path = Pods_ToDo_List_App.framework; sourceTree = BUILT_PRODUCTS_DIR; };
/* End PBXFileReference section */

/* Begin PBXFrameworksBuildPhase section */
		DCA2259E21E8BCBB00B4B09C /* Frameworks */ = {
			isa = PBXFrameworksBuildPhase;
			buildActionMask = 2147483647;
			files = (
				741A88C7606F024D7E2A1A85 /* Pods_ToDo_List_App.framework in Frameworks */,
			);
			runOnlyForDeploymentPostprocessing = 0;
		};
/* End PBXFrameworksBuildPhase section */

/* Begin PBXGroup section */
		33B65F183EB4B4C569ECD5C0 /* Pods */ = {
			isa = PBXGroup;
			children = (
				9B156F96A55696A544DDEDCE /* Pods-ToDo List App.debug.xcconfig */,
				28FE360125A5D11B89D963C0 /* Pods-ToDo List App.release.xcconfig */,
			);
			name = Pods;
			sourceTree = "<group>";
		};
		4E1E592A5FF0A828A44C2583 /* Frameworks */ = {
			isa = PBXGroup;
			children = (
				F826BA651677FD6C6A119CA6 /* Pods_ToDo_List_App.framework */,
			);
			name = Frameworks;
			sourceTree = "<group>";
		};
		DCA2259821E8BCBB00B4B09C = {
			isa = PBXGroup;
			children = (
				DCA225A321E8BCBB00B4B09C /* ToDo List App */,
				DCA225A221E8BCBB00B4B09C /* Products */,
				33B65F183EB4B4C569ECD5C0 /* Pods */,
				4E1E592A5FF0A828A44C2583 /* Frameworks */,
			);
			sourceTree = "<group>";
		};
		DCA225A221E8BCBB00B4B09C /* Products */ = {
			isa = PBXGroup;
			children = (
				DCA225A121E8BCBB00B4B09C /* ToDo List App.app */,
			);
			name = Products;
			sourceTree = "<group>";
		};
		DCA225A321E8BCBB00B4B09C /* ToDo List App */ = {
			isa = PBXGroup;
			children = (
				DCA225A421E8BCBB00B4B09C /* AppDelegate.swift */,
				DCA225B821E8DE6200B4B09C /* Controllers */,
				DCA225B921E8DE6C00B4B09C /* Data Model */,
				DCA225BA21E8DE7600B4B09C /* Views */,
				DCA225BB21E8DE8400B4B09C /* Supporting files */,
				DCA225B021E8BCBC00B4B09C /* Info.plist */,
			);
			path = "ToDo List App";
			sourceTree = "<group>";
		};
		DCA225B821E8DE6200B4B09C /* Controllers */ = {
			isa = PBXGroup;
			children = (
				DCA225C121EB890500B4B09C /* CategoryViewController.swift */,
				DCA225A621E8BCBB00B4B09C /* ToDoListViewController.swift */,
			);
			path = Controllers;
			sourceTree = "<group>";
		};
		DCA225B921E8DE6C00B4B09C /* Data Model */ = {
			isa = PBXGroup;
			children = (
				DCE140D921EBC10C00AF551C /* Category.swift */,
				DCE140D721EBC10200AF551C /* Item.swift */,
			);
			path = "Data Model";
			sourceTree = "<group>";
		};
		DCA225BA21E8DE7600B4B09C /* Views */ = {
			isa = PBXGroup;
			children = (
				DCA225A821E8BCBB00B4B09C /* Main.storyboard */,
			);
			path = Views;
			sourceTree = "<group>";
		};
		DCA225BB21E8DE8400B4B09C /* Supporting files */ = {
			isa = PBXGroup;
			children = (
				DCA225AB21E8BCBC00B4B09C /* Assets.xcassets */,
				DCA225AD21E8BCBC00B4B09C /* LaunchScreen.storyboard */,
			);
			path = "Supporting files";
			sourceTree = "<group>";
		};
/* End PBXGroup section */

/* Begin PBXNativeTarget section */
		DCA225A021E8BCBB00B4B09C /* ToDo List App */ = {
			isa = PBXNativeTarget;
			buildConfigurationList = DCA225B321E8BCBD00B4B09C /* Build configuration list for PBXNativeTarget "ToDo List App" */;
			buildPhases = (
				CADE32D343B3A3843246EB2E /* [CP] Check Pods Manifest.lock */,
				DCA2259D21E8BCBB00B4B09C /* Sources */,
				DCA2259E21E8BCBB00B4B09C /* Frameworks */,
				DCA2259F21E8BCBB00B4B09C /* Resources */,
				298A275DBE0676CBA8917649 /* [CP] Embed Pods Frameworks */,
			);
			buildRules = (
			);
			dependencies = (
			);
			name = "ToDo List App";
			productName = "ToDo List App";
			productReference = DCA225A121E8BCBB00B4B09C /* ToDo List App.app */;
			productType = "com.apple.product-type.application";
		};
/* End PBXNativeTarget section */

/* Begin PBXProject section */
		DCA2259921E8BCBB00B4B09C /* Project object */ = {
			isa = PBXProject;
			attributes = {
				LastSwiftUpdateCheck = 1010;
				LastUpgradeCheck = 1010;
				ORGANIZATIONNAME = "Даниил Омельчук";
				TargetAttributes = {
					DCA225A021E8BCBB00B4B09C = {
						CreatedOnToolsVersion = 10.1;
					};
				};
			};
			buildConfigurationList = DCA2259C21E8BCBB00B4B09C /* Build configuration list for PBXProject "ToDo List App" */;
			compatibilityVersion = "Xcode 9.3";
			developmentRegion = en;
			hasScannedForEncodings = 0;
			knownRegions = (
				en,
				Base,
			);
			mainGroup = DCA2259821E8BCBB00B4B09C;
			productRefGroup = DCA225A221E8BCBB00B4B09C /* Products */;
			projectDirPath = "";
			projectRoot = "";
			targets = (
				DCA225A021E8BCBB00B4B09C /* ToDo List App */,
			);
		};
/* End PBXProject section */

/* Begin PBXResourcesBuildPhase section */
		DCA2259F21E8BCBB00B4B09C /* Resources */ = {
			isa = PBXResourcesBuildPhase;
			buildActionMask = 2147483647;
			files = (
				DCA225AF21E8BCBC00B4B09C /* LaunchScreen.storyboard in Resources */,
				DCA225AC21E8BCBC00B4B09C /* Assets.xcassets in Resources */,
				DCA225AA21E8BCBB00B4B09C /* Main.storyboard in Resources */,
			);
			runOnlyForDeploymentPostprocessing = 0;
		};
/* End PBXResourcesBuildPhase section */

/* Begin PBXShellScriptBuildPhase section */
		298A275DBE0676CBA8917649 /* [CP] Embed Pods Frameworks */ = {
			isa = PBXShellScriptBuildPhase;
			buildActionMask = 2147483647;
			files = (
			);
			inputFileListPaths = (
			);
			inputPaths = (
				"${SRCROOT}/Pods/Target Support Files/Pods-ToDo List App/Pods-ToDo List App-frameworks.sh",
				"${BUILT_PRODUCTS_DIR}/Realm/Realm.framework",
				"${BUILT_PRODUCTS_DIR}/RealmSwift/RealmSwift.framework",
			);
			name = "[CP] Embed Pods Frameworks";
			outputFileListPaths = (
			);
			outputPaths = (
				"${TARGET_BUILD_DIR}/${FRAMEWORKS_FOLDER_PATH}/Realm.framework",
				"${TARGET_BUILD_DIR}/${FRAMEWORKS_FOLDER_PATH}/RealmSwift.framework",
			);
			runOnlyForDeploymentPostprocessing = 0;
			shellPath = /bin/sh;
			shellScript = "\"${SRCROOT}/Pods/Target Support Files/Pods-ToDo List App/Pods-ToDo List App-frameworks.sh\"\n";
			showEnvVarsInLog = 0;
		};
		CADE32D343B3A3843246EB2E /* [CP] Check Pods Manifest.lock */ = {
			isa = PBXShellScriptBuildPhase;
			buildActionMask = 2147483647;
			files = (
			);
			inputFileListPaths = (
			);
			inputPaths = (
				"${PODS_PODFILE_DIR_PATH}/Podfile.lock",
				"${PODS_ROOT}/Manifest.lock",
			);
			name = "[CP] Check Pods Manifest.lock";
			outputFileListPaths = (
			);
			outputPaths = (
				"$(DERIVED_FILE_DIR)/Pods-ToDo List App-checkManifestLockResult.txt",
			);
			runOnlyForDeploymentPostprocessing = 0;
			shellPath = /bin/sh;
			shellScript = "diff \"${PODS_PODFILE_DIR_PATH}/Podfile.lock\" \"${PODS_ROOT}/Manifest.lock\" > /dev/null\nif [ $? != 0 ] ; then\n    # print error to STDERR\n    echo \"error: The sandbox is not in sync with the Podfile.lock. Run 'pod install' or update your CocoaPods installation.\" >&2\n    exit 1\nfi\n# This output is used by Xcode 'outputs' to avoid re-running this script phase.\necho \"SUCCESS\" > \"${SCRIPT_OUTPUT_FILE_0}\"\n";
			showEnvVarsInLog = 0;
		};
/* End PBXShellScriptBuildPhase section */

/* Begin PBXSourcesBuildPhase section */
		DCA2259D21E8BCBB00B4B09C /* Sources */ = {
			isa = PBXSourcesBuildPhase;
			buildActionMask = 2147483647;
			files = (
				DCA225C221EB890500B4B09C /* CategoryViewController.swift in Sources */,
				DCE140DA21EBC10C00AF551C /* Category.swift in Sources */,
				DCE140D821EBC10200AF551C /* Item.swift in Sources */,
				DCA225A721E8BCBB00B4B09C /* ToDoListViewController.swift in Sources */,
				DCA225A521E8BCBB00B4B09C /* AppDelegate.swift in Sources */,
			);
			runOnlyForDeploymentPostprocessing = 0;
		};
/* End PBXSourcesBuildPhase section */

/* Begin PBXVariantGroup section */
		DCA225A821E8BCBB00B4B09C /* Main.storyboard */ = {
			isa = PBXVariantGroup;
			children = (
				DCA225A921E8BCBB00B4B09C /* Base */,
			);
			name = Main.storyboard;
			sourceTree = "<group>";
		};
		DCA225AD21E8BCBC00B4B09C /* LaunchScreen.storyboard */ = {
			isa = PBXVariantGroup;
			children = (
				DCA225AE21E8BCBC00B4B09C /* Base */,
			);
			name = LaunchScreen.storyboard;
			sourceTree = "<group>";
		};
/* End PBXVariantGroup section */

/* Begin XCBuildConfiguration section */
		DCA225B121E8BCBC00B4B09C /* Debug */ = {
			isa = XCBuildConfiguration;
			buildSettings = {
				ALWAYS_SEARCH_USER_PATHS = NO;
				CLANG_ANALYZER_NONNULL = YES;
				CLANG_ANALYZER_NUMBER_OBJECT_CONVERSION = YES_AGGRESSIVE;
				CLANG_CXX_LANGUAGE_STANDARD = "gnu++14";
				CLANG_CXX_LIBRARY = "libc++";
				CLANG_ENABLE_MODULES = YES;
				CLANG_ENABLE_OBJC_ARC = YES;
				CLANG_ENABLE_OBJC_WEAK = YES;
				CLANG_WARN_BLOCK_CAPTURE_AUTORELEASING = YES;
				CLANG_WARN_BOOL_CONVERSION = YES;
				CLANG_WARN_COMMA = YES;
				CLANG_WARN_CONSTANT_CONVERSION = YES;
				CLANG_WARN_DEPRECATED_OBJC_IMPLEMENTATIONS = YES;
				CLANG_WARN_DIRECT_OBJC_ISA_USAGE = YES_ERROR;
				CLANG_WARN_DOCUMENTATION_COMMENTS = YES;
				CLANG_WARN_EMPTY_BODY = YES;
				CLANG_WARN_ENUM_CONVERSION = YES;
				CLANG_WARN_INFINITE_RECURSION = YES;
				CLANG_WARN_INT_CONVERSION = YES;
				CLANG_WARN_NON_LITERAL_NULL_CONVERSION = YES;
				CLANG_WARN_OBJC_IMPLICIT_RETAIN_SELF = YES;
				CLANG_WARN_OBJC_LITERAL_CONVERSION = YES;
				CLANG_WARN_OBJC_ROOT_CLASS = YES_ERROR;
				CLANG_WARN_RANGE_LOOP_ANALYSIS = YES;
				CLANG_WARN_STRICT_PROTOTYPES = YES;
				CLANG_WARN_SUSPICIOUS_MOVE = YES;
				CLANG_WARN_UNGUARDED_AVAILABILITY = YES_AGGRESSIVE;
				CLANG_WARN_UNREACHABLE_CODE = YES;
				CLANG_WARN__DUPLICATE_METHOD_MATCH = YES;
				CODE_SIGN_IDENTITY = "iPhone Developer";
				COPY_PHASE_STRIP = NO;
				DEBUG_INFORMATION_FORMAT = dwarf;
				ENABLE_STRICT_OBJC_MSGSEND = YES;
				ENABLE_TESTABILITY = YES;
				GCC_C_LANGUAGE_STANDARD = gnu11;
				GCC_DYNAMIC_NO_PIC = NO;
				GCC_NO_COMMON_BLOCKS = YES;
				GCC_OPTIMIZATION_LEVEL = 0;
				GCC_PREPROCESSOR_DEFINITIONS = (
					"DEBUG=1",
					"$(inherited)",
				);
				GCC_WARN_64_TO_32_BIT_CONVERSION = YES;
				GCC_WARN_ABOUT_RETURN_TYPE = YES_ERROR;
				GCC_WARN_UNDECLARED_SELECTOR = YES;
				GCC_WARN_UNINITIALIZED_AUTOS = YES_AGGRESSIVE;
				GCC_WARN_UNUSED_FUNCTION = YES;
				GCC_WARN_UNUSED_VARIABLE = YES;
				IPHONEOS_DEPLOYMENT_TARGET = 12.1;
				MTL_ENABLE_DEBUG_INFO = INCLUDE_SOURCE;
				MTL_FAST_MATH = YES;
				ONLY_ACTIVE_ARCH = YES;
				SDKROOT = iphoneos;
				SWIFT_ACTIVE_COMPILATION_CONDITIONS = DEBUG;
				SWIFT_OPTIMIZATION_LEVEL = "-Onone";
			};
			name = Debug;
		};
		DCA225B221E8BCBC00B4B09C /* Release */ = {
			isa = XCBuildConfiguration;
			buildSettings = {
				ALWAYS_SEARCH_USER_PATHS = NO;
				CLANG_ANALYZER_NONNULL = YES;
				CLANG_ANALYZER_NUMBER_OBJECT_CONVERSION = YES_AGGRESSIVE;
				CLANG_CXX_LANGUAGE_STANDARD = "gnu++14";
				CLANG_CXX_LIBRARY = "libc++";
				CLANG_ENABLE_MODULES = YES;
				CLANG_ENABLE_OBJC_ARC = YES;
				CLANG_ENABLE_OBJC_WEAK = YES;
				CLANG_WARN_BLOCK_CAPTURE_AUTORELEASING = YES;
				CLANG_WARN_BOOL_CONVERSION = YES;
				CLANG_WARN_COMMA = YES;
				CLANG_WARN_CONSTANT_CONVERSION = YES;
				CLANG_WARN_DEPRECATED_OBJC_IMPLEMENTATIONS = YES;
				CLANG_WARN_DIRECT_OBJC_ISA_USAGE = YES_ERROR;
				CLANG_WARN_DOCUMENTATION_COMMENTS = YES;
				CLANG_WARN_EMPTY_BODY = YES;
				CLANG_WARN_ENUM_CONVERSION = YES;
				CLANG_WARN_INFINITE_RECURSION = YES;
				CLANG_WARN_INT_CONVERSION = YES;
				CLANG_WARN_NON_LITERAL_NULL_CONVERSION = YES;
				CLANG_WARN_OBJC_IMPLICIT_RETAIN_SELF = YES;
				CLANG_WARN_OBJC_LITERAL_CONVERSION = YES;
				CLANG_WARN_OBJC_ROOT_CLASS = YES_ERROR;
				CLANG_WARN_RANGE_LOOP_ANALYSIS = YES;
				CLANG_WARN_STRICT_PROTOTYPES = YES;
				CLANG_WARN_SUSPICIOUS_MOVE = YES;
				CLANG_WARN_UNGUARDED_AVAILABILITY = YES_AGGRESSIVE;
				CLANG_WARN_UNREACHABLE_CODE = YES;
				CLANG_WARN__DUPLICATE_METHOD_MATCH = YES;
				CODE_SIGN_IDENTITY = "iPhone Developer";
				COPY_PHASE_STRIP = NO;
				DEBUG_INFORMATION_FORMAT = "dwarf-with-dsym";
				ENABLE_NS_ASSERTIONS = NO;
				ENABLE_STRICT_OBJC_MSGSEND = YES;
				GCC_C_LANGUAGE_STANDARD = gnu11;
				GCC_NO_COMMON_BLOCKS = YES;
				GCC_WARN_64_TO_32_BIT_CONVERSION = YES;
				GCC_WARN_ABOUT_RETURN_TYPE = YES_ERROR;
				GCC_WARN_UNDECLARED_SELECTOR = YES;
				GCC_WARN_UNINITIALIZED_AUTOS = YES_AGGRESSIVE;
				GCC_WARN_UNUSED_FUNCTION = YES;
				GCC_WARN_UNUSED_VARIABLE = YES;
				IPHONEOS_DEPLOYMENT_TARGET = 12.1;
				MTL_ENABLE_DEBUG_INFO = NO;
				MTL_FAST_MATH = YES;
				SDKROOT = iphoneos;
				SWIFT_COMPILATION_MODE = wholemodule;
				SWIFT_OPTIMIZATION_LEVEL = "-O";
				VALIDATE_PRODUCT = YES;
			};
			name = Release;
		};
		DCA225B421E8BCBD00B4B09C /* Debug */ = {
			isa = XCBuildConfiguration;
			baseConfigurationReference = 9B156F96A55696A544DDEDCE /* Pods-ToDo List App.debug.xcconfig */;
			buildSettings = {
				ASSETCATALOG_COMPILER_APPICON_NAME = AppIcon;
				CODE_SIGN_STYLE = Automatic;
				DEVELOPMENT_TEAM = NGS2FL434N;
				INFOPLIST_FILE = "ToDo List App/Info.plist";
				LD_RUNPATH_SEARCH_PATHS = (
					"$(inherited)",
					"@executable_path/Frameworks",
				);
				PRODUCT_BUNDLE_IDENTIFIER = "ru.DanielGreen.ToDo-List-App";
				PRODUCT_NAME = "$(TARGET_NAME)";
				SWIFT_VERSION = 4.2;
				TARGETED_DEVICE_FAMILY = "1,2";
			};
			name = Debug;
		};
		DCA225B521E8BCBD00B4B09C /* Release */ = {
			isa = XCBuildConfiguration;
			baseConfigurationReference = 28FE360125A5D11B89D963C0 /* Pods-ToDo List App.release.xcconfig */;
			buildSettings = {
				ASSETCATALOG_COMPILER_APPICON_NAME = AppIcon;
				CODE_SIGN_STYLE = Automatic;
				DEVELOPMENT_TEAM = NGS2FL434N;
				INFOPLIST_FILE = "ToDo List App/Info.plist";
				LD_RUNPATH_SEARCH_PATHS = (
					"$(inherited)",
					"@executable_path/Frameworks",
				);
				PRODUCT_BUNDLE_IDENTIFIER = "ru.DanielGreen.ToDo-List-App";
				PRODUCT_NAME = "$(TARGET_NAME)";
				SWIFT_VERSION = 4.2;
				TARGETED_DEVICE_FAMILY = "1,2";
			};
			name = Release;
		};
/* End XCBuildConfiguration section */

/* Begin XCConfigurationList section */
		DCA2259C21E8BCBB00B4B09C /* Build configuration list for PBXProject "ToDo List App" */ = {
			isa = XCConfigurationList;
			buildConfigurations = (
				DCA225B121E8BCBC00B4B09C /* Debug */,
				DCA225B221E8BCBC00B4B09C /* Release */,
			);
			defaultConfigurationIsVisible = 0;
			defaultConfigurationName = Release;
		};
		DCA225B321E8BCBD00B4B09C /* Build configuration list for PBXNativeTarget "ToDo List App" */ = {
			isa = XCConfigurationList;
			buildConfigurations = (
				DCA225B421E8BCBD00B4B09C /* Debug */,
				DCA225B521E8BCBD00B4B09C /* Release */,
			);
			defaultConfigurationIsVisible = 0;
			defaultConfigurationName = Release;
		};
/* End XCConfigurationList section */
	};
	rootObject = DCA2259921E8BCBB00B4B09C /* Project object */;
}
